// !$*UTF8*$!
{
	archiveVersion = 1;
	classes = {
	};
	objectVersion = 50;
	objects = {

/* Begin PBXBuildFile section */
		74F9BF782201CACA00085E73 /* AppDelegate.swift in Sources */ = {isa = PBXBuildFile; fileRef = 74F9BF772201CACA00085E73 /* AppDelegate.swift */; };
		74F9BF7A2201CACA00085E73 /* ViewController.swift in Sources */ = {isa = PBXBuildFile; fileRef = 74F9BF792201CACA00085E73 /* ViewController.swift */; };
		74F9BF7D2201CACA00085E73 /* Main.storyboard in Resources */ = {isa = PBXBuildFile; fileRef = 74F9BF7B2201CACA00085E73 /* Main.storyboard */; };
		74F9BF7F2201CACB00085E73 /* Assets.xcassets in Resources */ = {isa = PBXBuildFile; fileRef = 74F9BF7E2201CACB00085E73 /* Assets.xcassets */; };
		74F9BF822201CACB00085E73 /* LaunchScreen.storyboard in Resources */ = {isa = PBXBuildFile; fileRef = 74F9BF802201CACB00085E73 /* LaunchScreen.storyboard */; };
		74F9BF8D2201CACB00085E73 /* MyMusicPlayerTests.swift in Sources */ = {isa = PBXBuildFile; fileRef = 74F9BF8C2201CACB00085E73 /* MyMusicPlayerTests.swift */; };
		74F9BF982201CACB00085E73 /* MyMusicPlayerUITests.swift in Sources */ = {isa = PBXBuildFile; fileRef = 74F9BF972201CACB00085E73 /* MyMusicPlayerUITests.swift */; };
/* End PBXBuildFile section */

/* Begin PBXContainerItemProxy section */
		74F9BF892201CACB00085E73 /* PBXContainerItemProxy */ = {
			isa = PBXContainerItemProxy;
			containerPortal = 74F9BF6C2201CACA00085E73 /* Project object */;
			proxyType = 1;
			remoteGlobalIDString = 74F9BF732201CACA00085E73;
			remoteInfo = MyMusicPlayer;
		};
		74F9BF942201CACB00085E73 /* PBXContainerItemProxy */ = {
			isa = PBXContainerItemProxy;
			containerPortal = 74F9BF6C2201CACA00085E73 /* Project object */;
			proxyType = 1;
			remoteGlobalIDString = 74F9BF732201CACA00085E73;
			remoteInfo = MyMusicPlayer;
		};
/* End PBXContainerItemProxy section */

/* Begin PBXFileReference section */
		74F9BF742201CACA00085E73 /* MyMusicPlayer.app */ = {isa = PBXFileReference; explicitFileType = wrapper.application; includeInIndex = 0; path = MyMusicPlayer.app; sourceTree = BUILT_PRODUCTS_DIR; };
		74F9BF772201CACA00085E73 /* AppDelegate.swift */ = {isa = PBXFileReference; lastKnownFileType = sourcecode.swift; path = AppDelegate.swift; sourceTree = "<group>"; };
		74F9BF792201CACA00085E73 /* ViewController.swift */ = {isa = PBXFileReference; lastKnownFileType = sourcecode.swift; path = ViewController.swift; sourceTree = "<group>"; };
		74F9BF7C2201CACA00085E73 /* Base */ = {isa = PBXFileReference; lastKnownFileType = file.storyboard; name = Base; path = Base.lproj/Main.storyboard; sourceTree = "<group>"; };
		74F9BF7E2201CACB00085E73 /* Assets.xcassets */ = {isa = PBXFileReference; lastKnownFileType = folder.assetcatalog; path = Assets.xcassets; sourceTree = "<group>"; };
		74F9BF812201CACB00085E73 /* Base */ = {isa = PBXFileReference; lastKnownFileType = file.storyboard; name = Base; path = Base.lproj/LaunchScreen.storyboard; sourceTree = "<group>"; };
		74F9BF832201CACB00085E73 /* Info.plist */ = {isa = PBXFileReference; lastKnownFileType = text.plist.xml; path = Info.plist; sourceTree = "<group>"; };
		74F9BF882201CACB00085E73 /* MyMusicPlayerTests.xctest */ = {isa = PBXFileReference; explicitFileType = wrapper.cfbundle; includeInIndex = 0; path = MyMusicPlayerTests.xctest; sourceTree = BUILT_PRODUCTS_DIR; };
		74F9BF8C2201CACB00085E73 /* MyMusicPlayerTests.swift */ = {isa = PBXFileReference; lastKnownFileType = sourcecode.swift; path = MyMusicPlayerTests.swift; sourceTree = "<group>"; };
		74F9BF8E2201CACB00085E73 /* Info.plist */ = {isa = PBXFileReference; lastKnownFileType = text.plist.xml; path = Info.plist; sourceTree = "<group>"; };
		74F9BF932201CACB00085E73 /* MyMusicPlayerUITests.xctest */ = {isa = PBXFileReference; explicitFileType = wrapper.cfbundle; includeInIndex = 0; path = MyMusicPlayerUITests.xctest; sourceTree = BUILT_PRODUCTS_DIR; };
		74F9BF972201CACB00085E73 /* MyMusicPlayerUITests.swift */ = {isa = PBXFileReference; lastKnownFileType = sourcecode.swift; path = MyMusicPlayerUITests.swift; sourceTree = "<group>"; };
		74F9BF992201CACB00085E73 /* Info.plist */ = {isa = PBXFileReference; lastKnownFileType = text.plist.xml; path = Info.plist; sourceTree = "<group>"; };
/* End PBXFileReference section */

/* Begin PBXFrameworksBuildPhase section */
		74F9BF712201CACA00085E73 /* Frameworks */ = {
			isa = PBXFrameworksBuildPhase;
			buildActionMask = 2147483647;
			files = (
			);
			runOnlyForDeploymentPostprocessing = 0;
		};
		74F9BF852201CACB00085E73 /* Frameworks */ = {
			isa = PBXFrameworksBuildPhase;
			buildActionMask = 2147483647;
			files = (
			);
			runOnlyForDeploymentPostprocessing = 0;
		};
		74F9BF902201CACB00085E73 /* Frameworks */ = {
			isa = PBXFrameworksBuildPhase;
			buildActionMask = 2147483647;
			files = (
			);
			runOnlyForDeploymentPostprocessing = 0;
		};
/* End PBXFrameworksBuildPhase section */

/* Begin PBXGroup section */
		74F9BF6B2201CACA00085E73 = {
			isa = PBXGroup;
			children = (
				74F9BF762201CACA00085E73 /* MyMusicPlayer */,
				74F9BF8B2201CACB00085E73 /* MyMusicPlayerTests */,
				74F9BF962201CACB00085E73 /* MyMusicPlayerUITests */,
				74F9BF752201CACA00085E73 /* Products */,
			);
			sourceTree = "<group>";
		};
		74F9BF752201CACA00085E73 /* Products */ = {
			isa = PBXGroup;
			children = (
				74F9BF742201CACA00085E73 /* MyMusicPlayer.app */,
				74F9BF882201CACB00085E73 /* MyMusicPlayerTests.xctest */,
				74F9BF932201CACB00085E73 /* MyMusicPlayerUITests.xctest */,
			);
			name = Products;
			sourceTree = "<group>";
		};
		74F9BF762201CACA00085E73 /* MyMusicPlayer */ = {
			isa = PBXGroup;
			children = (
				74F9BF772201CACA00085E73 /* AppDelegate.swift */,
				74F9BF792201CACA00085E73 /* ViewController.swift */,
				74F9BF7B2201CACA00085E73 /* Main.storyboard */,
				74F9BF7E2201CACB00085E73 /* Assets.xcassets */,
				74F9BF802201CACB00085E73 /* LaunchScreen.storyboard */,
				74F9BF832201CACB00085E73 /* Info.plist */,
			);
			path = MyMusicPlayer;
			sourceTree = "<group>";
		};
		74F9BF8B2201CACB00085E73 /* MyMusicPlayerTests */ = {
			isa = PBXGroup;
			children = (
				74F9BF8C2201CACB00085E73 /* MyMusicPlayerTests.swift */,
				74F9BF8E2201CACB00085E73 /* Info.plist */,
			);
			path = MyMusicPlayerTests;
			sourceTree = "<group>";
		};
		74F9BF962201CACB00085E73 /* MyMusicPlayerUITests */ = {
			isa = PBXGroup;
			children = (
				74F9BF972201CACB00085E73 /* MyMusicPlayerUITests.swift */,
				74F9BF992201CACB00085E73 /* Info.plist */,
			);
			path = MyMusicPlayerUITests;
			sourceTree = "<group>";
		};
/* End PBXGroup section */

/* Begin PBXNativeTarget section */
		74F9BF732201CACA00085E73 /* MyMusicPlayer */ = {
			isa = PBXNativeTarget;
			buildConfigurationList = 74F9BF9C2201CACB00085E73 /* Build configuration list for PBXNativeTarget "MyMusicPlayer" */;
			buildPhases = (
				74F9BF702201CACA00085E73 /* Sources */,
				74F9BF712201CACA00085E73 /* Frameworks */,
				74F9BF722201CACA00085E73 /* Resources */,
			);
			buildRules = (
			);
			dependencies = (
			);
			name = MyMusicPlayer;
			productName = MyMusicPlayer;
			productReference = 74F9BF742201CACA00085E73 /* MyMusicPlayer.app */;
			productType = "com.apple.product-type.application";
		};
		74F9BF872201CACB00085E73 /* MyMusicPlayerTests */ = {
			isa = PBXNativeTarget;
			buildConfigurationList = 74F9BF9F2201CACB00085E73 /* Build configuration list for PBXNativeTarget "MyMusicPlayerTests" */;
			buildPhases = (
				74F9BF842201CACB00085E73 /* Sources */,
				74F9BF852201CACB00085E73 /* Frameworks */,
				74F9BF862201CACB00085E73 /* Resources */,
			);
			buildRules = (
			);
			dependencies = (
				74F9BF8A2201CACB00085E73 /* PBXTargetDependency */,
			);
			name = MyMusicPlayerTests;
			productName = MyMusicPlayerTests;
			productReference = 74F9BF882201CACB00085E73 /* MyMusicPlayerTests.xctest */;
			productType = "com.apple.product-type.bundle.unit-test";
		};
		74F9BF922201CACB00085E73 /* MyMusicPlayerUITests */ = {
			isa = PBXNativeTarget;
			buildConfigurationList = 74F9BFA22201CACB00085E73 /* Build configuration list for PBXNativeTarget "MyMusicPlayerUITests" */;
			buildPhases = (
				74F9BF8F2201CACB00085E73 /* Sources */,
				74F9BF902201CACB00085E73 /* Frameworks */,
				74F9BF912201CACB00085E73 /* Resources */,
			);
			buildRules = (
			);
			dependencies = (
				74F9BF952201CACB00085E73 /* PBXTargetDependency */,
			);
			name = MyMusicPlayerUITests;
			productName = MyMusicPlayerUITests;
			productReference = 74F9BF932201CACB00085E73 /* MyMusicPlayerUITests.xctest */;
			productType = "com.apple.product-type.bundle.ui-testing";
		};
/* End PBXNativeTarget section */

/* Begin PBXProject section */
		74F9BF6C2201CACA00085E73 /* Project object */ = {
			isa = PBXProject;
			attributes = {
				LastSwiftUpdateCheck = 1010;
				LastUpgradeCheck = 1010;
				ORGANIZATIONNAME = "王春杉";
				TargetAttributes = {
					74F9BF732201CACA00085E73 = {
						CreatedOnToolsVersion = 10.1;
					};
					74F9BF872201CACB00085E73 = {
						CreatedOnToolsVersion = 10.1;
						TestTargetID = 74F9BF732201CACA00085E73;
					};
					74F9BF922201CACB00085E73 = {
						CreatedOnToolsVersion = 10.1;
						TestTargetID = 74F9BF732201CACA00085E73;
					};
				};
			};
			buildConfigurationList = 74F9BF6F2201CACA00085E73 /* Build configuration list for PBXProject "MyMusicPlayer" */;
			compatibilityVersion = "Xcode 9.3";
			developmentRegion = en;
			hasScannedForEncodings = 0;
			knownRegions = (
				en,
				Base,
			);
			mainGroup = 74F9BF6B2201CACA00085E73;
			productRefGroup = 74F9BF752201CACA00085E73 /* Products */;
			projectDirPath = "";
			projectRoot = "";
			targets = (
				74F9BF732201CACA00085E73 /* MyMusicPlayer */,
				74F9BF872201CACB00085E73 /* MyMusicPlayerTests */,
				74F9BF922201CACB00085E73 /* MyMusicPlayerUITests */,
			);
		};
/* End PBXProject section */

/* Begin PBXResourcesBuildPhase section */
		74F9BF722201CACA00085E73 /* Resources */ = {
			isa = PBXResourcesBuildPhase;
			buildActionMask = 2147483647;
			files = (
				74F9BF822201CACB00085E73 /* LaunchScreen.storyboard in Resources */,
				74F9BF7F2201CACB00085E73 /* Assets.xcassets in Resources */,
				74F9BF7D2201CACA00085E73 /* Main.storyboard in Resources */,
			);
			runOnlyForDeploymentPostprocessing = 0;
		};
		74F9BF862201CACB00085E73 /* Resources */ = {
			isa = PBXResourcesBuildPhase;
			buildActionMask = 2147483647;
			files = (
			);
			runOnlyForDeploymentPostprocessing = 0;
		};
		74F9BF912201CACB00085E73 /* Resources */ = {
			isa = PBXResourcesBuildPhase;
			buildActionMask = 2147483647;
			files = (
			);
			runOnlyForDeploymentPostprocessing = 0;
		};
/* End PBXResourcesBuildPhase section */

/* Begin PBXSourcesBuildPhase section */
		74F9BF702201CACA00085E73 /* Sources */ = {
			isa = PBXSourcesBuildPhase;
			buildActionMask = 2147483647;
			files = (
				74F9BF7A2201CACA00085E73 /* ViewController.swift in Sources */,
				74F9BF782201CACA00085E73 /* AppDelegate.swift in Sources */,
			);
			runOnlyForDeploymentPostprocessing = 0;
		};
		74F9BF842201CACB00085E73 /* Sources */ = {
			isa = PBXSourcesBuildPhase;
			buildActionMask = 2147483647;
			files = (
				74F9BF8D2201CACB00085E73 /* MyMusicPlayerTests.swift in Sources */,
			);
			runOnlyForDeploymentPostprocessing = 0;
		};
		74F9BF8F2201CACB00085E73 /* Sources */ = {
			isa = PBXSourcesBuildPhase;
			buildActionMask = 2147483647;
			files = (
				74F9BF982201CACB00085E73 /* MyMusicPlayerUITests.swift in Sources */,
			);
			runOnlyForDeploymentPostprocessing = 0;
		};
/* End PBXSourcesBuildPhase section */

/* Begin PBXTargetDependency section */
		74F9BF8A2201CACB00085E73 /* PBXTargetDependency */ = {
			isa = PBXTargetDependency;
			target = 74F9BF732201CACA00085E73 /* MyMusicPlayer */;
			targetProxy = 74F9BF892201CACB00085E73 /* PBXContainerItemProxy */;
		};
		74F9BF952201CACB00085E73 /* PBXTargetDependency */ = {
			isa = PBXTargetDependency;
			target = 74F9BF732201CACA00085E73 /* MyMusicPlayer */;
			targetProxy = 74F9BF942201CACB00085E73 /* PBXContainerItemProxy */;
		};
/* End PBXTargetDependency section */

/* Begin PBXVariantGroup section */
		74F9BF7B2201CACA00085E73 /* Main.storyboard */ = {
			isa = PBXVariantGroup;
			children = (
				74F9BF7C2201CACA00085E73 /* Base */,
			);
			name = Main.storyboard;
			sourceTree = "<group>";
		};
		74F9BF802201CACB00085E73 /* LaunchScreen.storyboard */ = {
			isa = PBXVariantGroup;
			children = (
				74F9BF812201CACB00085E73 /* Base */,
			);
			name = LaunchScreen.storyboard;
			sourceTree = "<group>";
		};
/* End PBXVariantGroup section */

/* Begin XCBuildConfiguration section */
		74F9BF9A2201CACB00085E73 /* Debug */ = {
			isa = XCBuildConfiguration;
			buildSettings = {
				ALWAYS_SEARCH_USER_PATHS = NO;
				CLANG_ANALYZER_NONNULL = YES;
				CLANG_ANALYZER_NUMBER_OBJECT_CONVERSION = YES_AGGRESSIVE;
				CLANG_CXX_LANGUAGE_STANDARD = "gnu++14";
				CLANG_CXX_LIBRARY = "libc++";
				CLANG_ENABLE_MODULES = YES;
				CLANG_ENABLE_OBJC_ARC = YES;
				CLANG_ENABLE_OBJC_WEAK = YES;
				CLANG_WARN_BLOCK_CAPTURE_AUTORELEASING = YES;
				CLANG_WARN_BOOL_CONVERSION = YES;
				CLANG_WARN_COMMA = YES;
				CLANG_WARN_CONSTANT_CONVERSION = YES;
				CLANG_WARN_DEPRECATED_OBJC_IMPLEMENTATIONS = YES;
				CLANG_WARN_DIRECT_OBJC_ISA_USAGE = YES_ERROR;
				CLANG_WARN_DOCUMENTATION_COMMENTS = YES;
				CLANG_WARN_EMPTY_BODY = YES;
				CLANG_WARN_ENUM_CONVERSION = YES;
				CLANG_WARN_INFINITE_RECURSION = YES;
				CLANG_WARN_INT_CONVERSION = YES;
				CLANG_WARN_NON_LITERAL_NULL_CONVERSION = YES;
				CLANG_WARN_OBJC_IMPLICIT_RETAIN_SELF = YES;
				CLANG_WARN_OBJC_LITERAL_CONVERSION = YES;
				CLANG_WARN_OBJC_ROOT_CLASS = YES_ERROR;
				CLANG_WARN_RANGE_LOOP_ANALYSIS = YES;
				CLANG_WARN_STRICT_PROTOTYPES = YES;
				CLANG_WARN_SUSPICIOUS_MOVE = YES;
				CLANG_WARN_UNGUARDED_AVAILABILITY = YES_AGGRESSIVE;
				CLANG_WARN_UNREACHABLE_CODE = YES;
				CLANG_WARN__DUPLICATE_METHOD_MATCH = YES;
				CODE_SIGN_IDENTITY = "iPhone Developer";
				COPY_PHASE_STRIP = NO;
				DEBUG_INFORMATION_FORMAT = dwarf;
				ENABLE_STRICT_OBJC_MSGSEND = YES;
				ENABLE_TESTABILITY = YES;
				GCC_C_LANGUAGE_STANDARD = gnu11;
				GCC_DYNAMIC_NO_PIC = NO;
				GCC_NO_COMMON_BLOCKS = YES;
				GCC_OPTIMIZATION_LEVEL = 0;
				GCC_PREPROCESSOR_DEFINITIONS = (
					"DEBUG=1",
					"$(inherited)",
				);
				GCC_WARN_64_TO_32_BIT_CONVERSION = YES;
				GCC_WARN_ABOUT_RETURN_TYPE = YES_ERROR;
				GCC_WARN_UNDECLARED_SELECTOR = YES;
				GCC_WARN_UNINITIALIZED_AUTOS = YES_AGGRESSIVE;
				GCC_WARN_UNUSED_FUNCTION = YES;
				GCC_WARN_UNUSED_VARIABLE = YES;
				IPHONEOS_DEPLOYMENT_TARGET = 12.1;
				MTL_ENABLE_DEBUG_INFO = INCLUDE_SOURCE;
				MTL_FAST_MATH = YES;
				ONLY_ACTIVE_ARCH = YES;
				SDKROOT = iphoneos;
				SWIFT_ACTIVE_COMPILATION_CONDITIONS = DEBUG;
				SWIFT_OPTIMIZATION_LEVEL = "-Onone";
			};
			name = Debug;
		};
		74F9BF9B2201CACB00085E73 /* Release */ = {
			isa = XCBuildConfiguration;
			buildSettings = {
				ALWAYS_SEARCH_USER_PATHS = NO;
				CLANG_ANALYZER_NONNULL = YES;
				CLANG_ANALYZER_NUMBER_OBJECT_CONVERSION = YES_AGGRESSIVE;
				CLANG_CXX_LANGUAGE_STANDARD = "gnu++14";
				CLANG_CXX_LIBRARY = "libc++";
				CLANG_ENABLE_MODULES = YES;
				CLANG_ENABLE_OBJC_ARC = YES;
				CLANG_ENABLE_OBJC_WEAK = YES;
				CLANG_WARN_BLOCK_CAPTURE_AUTORELEASING = YES;
				CLANG_WARN_BOOL_CONVERSION = YES;
				CLANG_WARN_COMMA = YES;
				CLANG_WARN_CONSTANT_CONVERSION = YES;
				CLANG_WARN_DEPRECATED_OBJC_IMPLEMENTATIONS = YES;
				CLANG_WARN_DIRECT_OBJC_ISA_USAGE = YES_ERROR;
				CLANG_WARN_DOCUMENTATION_COMMENTS = YES;
				CLANG_WARN_EMPTY_BODY = YES;
				CLANG_WARN_ENUM_CONVERSION = YES;
				CLANG_WARN_INFINITE_RECURSION = YES;
				CLANG_WARN_INT_CONVERSION = YES;
				CLANG_WARN_NON_LITERAL_NULL_CONVERSION = YES;
				CLANG_WARN_OBJC_IMPLICIT_RETAIN_SELF = YES;
				CLANG_WARN_OBJC_LITERAL_CONVERSION = YES;
				CLANG_WARN_OBJC_ROOT_CLASS = YES_ERROR;
				CLANG_WARN_RANGE_LOOP_ANALYSIS = YES;
				CLANG_WARN_STRICT_PROTOTYPES = YES;
				CLANG_WARN_SUSPICIOUS_MOVE = YES;
				CLANG_WARN_UNGUARDED_AVAILABILITY = YES_AGGRESSIVE;
				CLANG_WARN_UNREACHABLE_CODE = YES;
				CLANG_WARN__DUPLICATE_METHOD_MATCH = YES;
				CODE_SIGN_IDENTITY = "iPhone Developer";
				COPY_PHASE_STRIP = NO;
				DEBUG_INFORMATION_FORMAT = "dwarf-with-dsym";
				ENABLE_NS_ASSERTIONS = NO;
				ENABLE_STRICT_OBJC_MSGSEND = YES;
				GCC_C_LANGUAGE_STANDARD = gnu11;
				GCC_NO_COMMON_BLOCKS = YES;
				GCC_WARN_64_TO_32_BIT_CONVERSION = YES;
				GCC_WARN_ABOUT_RETURN_TYPE = YES_ERROR;
				GCC_WARN_UNDECLARED_SELECTOR = YES;
				GCC_WARN_UNINITIALIZED_AUTOS = YES_AGGRESSIVE;
				GCC_WARN_UNUSED_FUNCTION = YES;
				GCC_WARN_UNUSED_VARIABLE = YES;
				IPHONEOS_DEPLOYMENT_TARGET = 12.1;
				MTL_ENABLE_DEBUG_INFO = NO;
				MTL_FAST_MATH = YES;
				SDKROOT = iphoneos;
				SWIFT_COMPILATION_MODE = wholemodule;
				SWIFT_OPTIMIZATION_LEVEL = "-O";
				VALIDATE_PRODUCT = YES;
			};
			name = Release;
		};
		74F9BF9D2201CACB00085E73 /* Debug */ = {
			isa = XCBuildConfiguration;
			buildSettings = {
				ASSETCATALOG_COMPILER_APPICON_NAME = AppIcon;
				CODE_SIGN_STYLE = Automatic;
				DEVELOPMENT_TEAM = 7TB848KK9F;
				INFOPLIST_FILE = MyMusicPlayer/Info.plist;
				LD_RUNPATH_SEARCH_PATHS = (
					"$(inherited)",
					"@executable_path/Frameworks",
				);
				PRODUCT_BUNDLE_IDENTIFIER = com.twtstudio.MyMusicPlayer;
				PRODUCT_NAME = "$(TARGET_NAME)";
				SWIFT_VERSION = 4.2;
				TARGETED_DEVICE_FAMILY = "1,2";
			};
			name = Debug;
		};
		74F9BF9E2201CACB00085E73 /* Release */ = {
			isa = XCBuildConfiguration;
			buildSettings = {
				ASSETCATALOG_COMPILER_APPICON_NAME = AppIcon;
				CODE_SIGN_STYLE = Automatic;
				DEVELOPMENT_TEAM = 7TB848KK9F;
				INFOPLIST_FILE = MyMusicPlayer/Info.plist;
				LD_RUNPATH_SEARCH_PATHS = (
					"$(inherited)",
					"@executable_path/Frameworks",
				);
				PRODUCT_BUNDLE_IDENTIFIER = com.twtstudio.MyMusicPlayer;
				PRODUCT_NAME = "$(TARGET_NAME)";
				SWIFT_VERSION = 4.2;
				TARGETED_DEVICE_FAMILY = "1,2";
			};
			name = Release;
		};
		74F9BFA02201CACB00085E73 /* Debug */ = {
			isa = XCBuildConfiguration;
			buildSettings = {
				ALWAYS_EMBED_SWIFT_STANDARD_LIBRARIES = YES;
				BUNDLE_LOADER = "$(TEST_HOST)";
				CODE_SIGN_STYLE = Automatic;
				DEVELOPMENT_TEAM = 7TB848KK9F;
				INFOPLIST_FILE = MyMusicPlayerTests/Info.plist;
				LD_RUNPATH_SEARCH_PATHS = (
					"$(inherited)",
					"@executable_path/Frameworks",
					"@loader_path/Frameworks",
				);
				PRODUCT_BUNDLE_IDENTIFIER = com.twtstudio.MyMusicPlayerTests;
				PRODUCT_NAME = "$(TARGET_NAME)";
				SWIFT_VERSION = 4.2;
				TARGETED_DEVICE_FAMILY = "1,2";
				TEST_HOST = "$(BUILT_PRODUCTS_DIR)/MyMusicPlayer.app/MyMusicPlayer";
			};
			name = Debug;
		};
		74F9BFA12201CACB00085E73 /* Release */ = {
			isa = XCBuildConfiguration;
			buildSettings = {
				ALWAYS_EMBED_SWIFT_STANDARD_LIBRARIES = YES;
				BUNDLE_LOADER = "$(TEST_HOST)";
				CODE_SIGN_STYLE = Automatic;
				DEVELOPMENT_TEAM = 7TB848KK9F;
				INFOPLIST_FILE = MyMusicPlayerTests/Info.plist;
				LD_RUNPATH_SEARCH_PATHS = (
					"$(inherited)",
					"@executable_path/Frameworks",
					"@loader_path/Frameworks",
				);
				PRODUCT_BUNDLE_IDENTIFIER = com.twtstudio.MyMusicPlayerTests;
				PRODUCT_NAME = "$(TARGET_NAME)";
				SWIFT_VERSION = 4.2;
				TARGETED_DEVICE_FAMILY = "1,2";
				TEST_HOST = "$(BUILT_PRODUCTS_DIR)/MyMusicPlayer.app/MyMusicPlayer";
			};
			name = Release;
		};
		74F9BFA32201CACB00085E73 /* Debug */ = {
			isa = XCBuildConfiguration;
			buildSettings = {
				ALWAYS_EMBED_SWIFT_STANDARD_LIBRARIES = YES;
				CODE_SIGN_STYLE = Automatic;
				DEVELOPMENT_TEAM = 7TB848KK9F;
				INFOPLIST_FILE = MyMusicPlayerUITests/Info.plist;
				LD_RUNPATH_SEARCH_PATHS = (
					"$(inherited)",
					"@executable_path/Frameworks",
					"@loader_path/Frameworks",
				);
				PRODUCT_BUNDLE_IDENTIFIER = com.twtstudio.MyMusicPlayerUITests;
				PRODUCT_NAME = "$(TARGET_NAME)";
				SWIFT_VERSION = 4.2;
				TARGETED_DEVICE_FAMILY = "1,2";
				TEST_TARGET_NAME = MyMusicPlayer;
			};
			name = Debug;
		};
		74F9BFA42201CACB00085E73 /* Release */ = {
			isa = XCBuildConfiguration;
			buildSettings = {
				ALWAYS_EMBED_SWIFT_STANDARD_LIBRARIES = YES;
				CODE_SIGN_STYLE = Automatic;
				DEVELOPMENT_TEAM = 7TB848KK9F;
				INFOPLIST_FILE = MyMusicPlayerUITests/Info.plist;
				LD_RUNPATH_SEARCH_PATHS = (
					"$(inherited)",
					"@executable_path/Frameworks",
					"@loader_path/Frameworks",
				);
				PRODUCT_BUNDLE_IDENTIFIER = com.twtstudio.MyMusicPlayerUITests;
				PRODUCT_NAME = "$(TARGET_NAME)";
				SWIFT_VERSION = 4.2;
				TARGETED_DEVICE_FAMILY = "1,2";
				TEST_TARGET_NAME = MyMusicPlayer;
			};
			name = Release;
		};
/* End XCBuildConfiguration section */

/* Begin XCConfigurationList section */
		74F9BF6F2201CACA00085E73 /* Build configuration list for PBXProject "MyMusicPlayer" */ = {
			isa = XCConfigurationList;
			buildConfigurations = (
				74F9BF9A2201CACB00085E73 /* Debug */,
				74F9BF9B2201CACB00085E73 /* Release */,
			);
			defaultConfigurationIsVisible = 0;
			defaultConfigurationName = Release;
		};
		74F9BF9C2201CACB00085E73 /* Build configuration list for PBXNativeTarget "MyMusicPlayer" */ = {
			isa = XCConfigurationList;
			buildConfigurations = (
				74F9BF9D2201CACB00085E73 /* Debug */,
				74F9BF9E2201CACB00085E73 /* Release */,
			);
			defaultConfigurationIsVisible = 0;
			defaultConfigurationName = Release;
		};
		74F9BF9F2201CACB00085E73 /* Build configuration list for PBXNativeTarget "MyMusicPlayerTests" */ = {
			isa = XCConfigurationList;
			buildConfigurations = (
				74F9BFA02201CACB00085E73 /* Debug */,
				74F9BFA12201CACB00085E73 /* Release */,
			);
			defaultConfigurationIsVisible = 0;
			defaultConfigurationName = Release;
		};
		74F9BFA22201CACB00085E73 /* Build configuration list for PBXNativeTarget "MyMusicPlayerUITests" */ = {
			isa = XCConfigurationList;
			buildConfigurations = (
				74F9BFA32201CACB00085E73 /* Debug */,
				74F9BFA42201CACB00085E73 /* Release */,
			);
			defaultConfigurationIsVisible = 0;
			defaultConfigurationName = Release;
		};
/* End XCConfigurationList section */
	};
	rootObject = 74F9BF6C2201CACA00085E73 /* Project object */;
}
